// !$*UTF8*$!
{
	archiveVersion = 1;
	classes = {
	};
	objectVersion = 46;
	objects = {

/* Begin PBXBuildFile section */
		759A9A131ECA910700D8240A /* main.m in Sources */ = {isa = PBXBuildFile; fileRef = 759A9A121ECA910700D8240A /* main.m */; };
		759A9A161ECA910700D8240A /* AppDelegate.m in Sources */ = {isa = PBXBuildFile; fileRef = 759A9A151ECA910700D8240A /* AppDelegate.m */; };
		759A9A191ECA910700D8240A /* ViewController.m in Sources */ = {isa = PBXBuildFile; fileRef = 759A9A181ECA910700D8240A /* ViewController.m */; };
		759A9A1C1ECA910700D8240A /* Main.storyboard in Resources */ = {isa = PBXBuildFile; fileRef = 759A9A1A1ECA910700D8240A /* Main.storyboard */; };
		759A9A1E1ECA910700D8240A /* Assets.xcassets in Resources */ = {isa = PBXBuildFile; fileRef = 759A9A1D1ECA910700D8240A /* Assets.xcassets */; };
		759A9A211ECA910700D8240A /* LaunchScreen.storyboard in Resources */ = {isa = PBXBuildFile; fileRef = 759A9A1F1ECA910700D8240A /* LaunchScreen.storyboard */; };
		759A9A2A1ECA91B800D8240A /* CoreBluetooth.framework in Frameworks */ = {isa = PBXBuildFile; fileRef = 759A9A291ECA91B800D8240A /* CoreBluetooth.framework */; };
/* End PBXBuildFile section */

/* Begin PBXFileReference section */
		759A9A0E1ECA910700D8240A /* Blue_teeth.app */ = {isa = PBXFileReference; explicitFileType = wrapper.application; includeInIndex = 0; path = Blue_teeth.app; sourceTree = BUILT_PRODUCTS_DIR; };
		759A9A121ECA910700D8240A /* main.m */ = {isa = PBXFileReference; lastKnownFileType = sourcecode.c.objc; path = main.m; sourceTree = "<group>"; };
		759A9A141ECA910700D8240A /* AppDelegate.h */ = {isa = PBXFileReference; lastKnownFileType = sourcecode.c.h; path = AppDelegate.h; sourceTree = "<group>"; };
		759A9A151ECA910700D8240A /* AppDelegate.m */ = {isa = PBXFileReference; lastKnownFileType = sourcecode.c.objc; path = AppDelegate.m; sourceTree = "<group>"; };
		759A9A171ECA910700D8240A /* ViewController.h */ = {isa = PBXFileReference; lastKnownFileType = sourcecode.c.h; path = ViewController.h; sourceTree = "<group>"; };
		759A9A181ECA910700D8240A /* ViewController.m */ = {isa = PBXFileReference; lastKnownFileType = sourcecode.c.objc; path = ViewController.m; sourceTree = "<group>"; };
		759A9A1B1ECA910700D8240A /* Base */ = {isa = PBXFileReference; lastKnownFileType = file.storyboard; name = Base; path = Base.lproj/Main.storyboard; sourceTree = "<group>"; };
		759A9A1D1ECA910700D8240A /* Assets.xcassets */ = {isa = PBXFileReference; lastKnownFileType = folder.assetcatalog; path = Assets.xcassets; sourceTree = "<group>"; };
		759A9A201ECA910700D8240A /* Base */ = {isa = PBXFileReference; lastKnownFileType = file.storyboard; name = Base; path = Base.lproj/LaunchScreen.storyboard; sourceTree = "<group>"; };
		759A9A221ECA910700D8240A /* Info.plist */ = {isa = PBXFileReference; lastKnownFileType = text.plist.xml; path = Info.plist; sourceTree = "<group>"; };
		759A9A291ECA91B800D8240A /* CoreBluetooth.framework */ = {isa = PBXFileReference; lastKnownFileType = wrapper.framework; name = CoreBluetooth.framework; path = System/Library/Frameworks/CoreBluetooth.framework; sourceTree = SDKROOT; };
/* End PBXFileReference section */

/* Begin PBXFrameworksBuildPhase section */
		759A9A0B1ECA910700D8240A /* Frameworks */ = {
			isa = PBXFrameworksBuildPhase;
			buildActionMask = 2147483647;
			files = (
				759A9A2A1ECA91B800D8240A /* CoreBluetooth.framework in Frameworks */,
			);
			runOnlyForDeploymentPostprocessing = 0;
		};
/* End PBXFrameworksBuildPhase section */

/* Begin PBXGroup section */
		759A9A051ECA910600D8240A = {
			isa = PBXGroup;
			children = (
				759A9A101ECA910700D8240A /* Blue_teeth */,
				759A9A0F1ECA910700D8240A /* Products */,
				759A9A281ECA91B800D8240A /* Frameworks */,
			);
			sourceTree = "<group>";
		};
		759A9A0F1ECA910700D8240A /* Products */ = {
			isa = PBXGroup;
			children = (
				759A9A0E1ECA910700D8240A /* Blue_teeth.app */,
			);
			name = Products;
			sourceTree = "<group>";
		};
		759A9A101ECA910700D8240A /* Blue_teeth */ = {
			isa = PBXGroup;
			children = (
				759A9A141ECA910700D8240A /* AppDelegate.h */,
				759A9A151ECA910700D8240A /* AppDelegate.m */,
				759A9A171ECA910700D8240A /* ViewController.h */,
				759A9A181ECA910700D8240A /* ViewController.m */,
				759A9A1A1ECA910700D8240A /* Main.storyboard */,
				759A9A1D1ECA910700D8240A /* Assets.xcassets */,
				759A9A1F1ECA910700D8240A /* LaunchScreen.storyboard */,
				759A9A221ECA910700D8240A /* Info.plist */,
				759A9A111ECA910700D8240A /* Supporting Files */,
			);
			path = Blue_teeth;
			sourceTree = "<group>";
		};
		759A9A111ECA910700D8240A /* Supporting Files */ = {
			isa = PBXGroup;
			children = (
				759A9A121ECA910700D8240A /* main.m */,
			);
			name = "Supporting Files";
			sourceTree = "<group>";
		};
		759A9A281ECA91B800D8240A /* Frameworks */ = {
			isa = PBXGroup;
			children = (
				759A9A291ECA91B800D8240A /* CoreBluetooth.framework */,
			);
			name = Frameworks;
			sourceTree = "<group>";
		};
/* End PBXGroup section */

/* Begin PBXNativeTarget section */
		759A9A0D1ECA910700D8240A /* Blue_teeth */ = {
			isa = PBXNativeTarget;
			buildConfigurationList = 759A9A251ECA910700D8240A /* Build configuration list for PBXNativeTarget "Blue_teeth" */;
			buildPhases = (
				759A9A0A1ECA910700D8240A /* Sources */,
				759A9A0B1ECA910700D8240A /* Frameworks */,
				759A9A0C1ECA910700D8240A /* Resources */,
			);
			buildRules = (
			);
			dependencies = (
			);
			name = Blue_teeth;
			productName = Blue_teeth;
			productReference = 759A9A0E1ECA910700D8240A /* Blue_teeth.app */;
			productType = "com.apple.product-type.application";
		};
/* End PBXNativeTarget section */

/* Begin PBXProject section */
		759A9A061ECA910700D8240A /* Project object */ = {
			isa = PBXProject;
			attributes = {
				LastUpgradeCheck = 0820;
				ORGANIZATIONNAME = zhangze;
				TargetAttributes = {
					759A9A0D1ECA910700D8240A = {
						CreatedOnToolsVersion = 8.2.1;
						DevelopmentTeam = 32UHZELM74;
						ProvisioningStyle = Automatic;
					};
				};
			};
			buildConfigurationList = 759A9A091ECA910700D8240A /* Build configuration list for PBXProject "Blue_teeth" */;
			compatibilityVersion = "Xcode 3.2";
			developmentRegion = English;
			hasScannedForEncodings = 0;
			knownRegions = (
				en,
				Base,
			);
			mainGroup = 759A9A051ECA910600D8240A;
			productRefGroup = 759A9A0F1ECA910700D8240A /* Products */;
			projectDirPath = "";
			projectRoot = "";
			targets = (
				759A9A0D1ECA910700D8240A /* Blue_teeth */,
			);
		};
/* End PBXProject section */

/* Begin PBXResourcesBuildPhase section */
		759A9A0C1ECA910700D8240A /* Resources */ = {
			isa = PBXResourcesBuildPhase;
			buildActionMask = 2147483647;
			files = (
				759A9A211ECA910700D8240A /* LaunchScreen.storyboard in Resources */,
				759A9A1E1ECA910700D8240A /* Assets.xcassets in Resources */,
				759A9A1C1ECA910700D8240A /* Main.storyboard in Resources */,
			);
			runOnlyForDeploymentPostprocessing = 0;
		};
/* End PBXResourcesBuildPhase section */

/* Begin PBXSourcesBuildPhase section */
		759A9A0A1ECA910700D8240A /* Sources */ = {
			isa = PBXSourcesBuildPhase;
			buildActionMask = 2147483647;
			files = (
				759A9A191ECA910700D8240A /* ViewController.m in Sources */,
				759A9A161ECA910700D8240A /* AppDelegate.m in Sources */,
				759A9A131ECA910700D8240A /* main.m in Sources */,
			);
			runOnlyForDeploymentPostprocessing = 0;
		};
/* End PBXSourcesBuildPhase section */

/* Begin PBXVariantGroup section */
		759A9A1A1ECA910700D8240A /* Main.storyboard */ = {
			isa = PBXVariantGroup;
			children = (
				759A9A1B1ECA910700D8240A /* Base */,
			);
			name = Main.storyboard;
			sourceTree = "<group>";
		};
		759A9A1F1ECA910700D8240A /* LaunchScreen.storyboard */ = {
			isa = PBXVariantGroup;
			children = (
				759A9A201ECA910700D8240A /* Base */,
			);
			name = LaunchScreen.storyboard;
			sourceTree = "<group>";
		};
/* End PBXVariantGroup section */

/* Begin XCBuildConfiguration section */
		759A9A231ECA910700D8240A /* Debug */ = {
			isa = XCBuildConfiguration;
			buildSettings = {
				ALWAYS_SEARCH_USER_PATHS = NO;
				CLANG_ANALYZER_NONNULL = YES;
				CLANG_CXX_LANGUAGE_STANDARD = "gnu++0x";
				CLANG_CXX_LIBRARY = "libc++";
				CLANG_ENABLE_MODULES = YES;
				CLANG_ENABLE_OBJC_ARC = YES;
				CLANG_WARN_BOOL_CONVERSION = YES;
				CLANG_WARN_CONSTANT_CONVERSION = YES;
				CLANG_WARN_DIRECT_OBJC_ISA_USAGE = YES_ERROR;
				CLANG_WARN_DOCUMENTATION_COMMENTS = YES;
				CLANG_WARN_EMPTY_BODY = YES;
				CLANG_WARN_ENUM_CONVERSION = YES;
				CLANG_WARN_INFINITE_RECURSION = YES;
				CLANG_WARN_INT_CONVERSION = YES;
				CLANG_WARN_OBJC_ROOT_CLASS = YES_ERROR;
				CLANG_WARN_SUSPICIOUS_MOVE = YES;
				CLANG_WARN_UNREACHABLE_CODE = YES;
				CLANG_WARN__DUPLICATE_METHOD_MATCH = YES;
				"CODE_SIGN_IDENTITY[sdk=iphoneos*]" = "iPhone Developer";
				COPY_PHASE_STRIP = NO;
				DEBUG_INFORMATION_FORMAT = dwarf;
				ENABLE_STRICT_OBJC_MSGSEND = YES;
				ENABLE_TESTABILITY = YES;
				GCC_C_LANGUAGE_STANDARD = gnu99;
				GCC_DYNAMIC_NO_PIC = NO;
				GCC_NO_COMMON_BLOCKS = YES;
				GCC_OPTIMIZATION_LEVEL = 0;
				GCC_PREPROCESSOR_DEFINITIONS = (
					"DEBUG=1",
					"$(inherited)",
				);
				GCC_WARN_64_TO_32_BIT_CONVERSION = YES;
				GCC_WARN_ABOUT_RETURN_TYPE = YES_ERROR;
				GCC_WARN_UNDECLARED_SELECTOR = YES;
				GCC_WARN_UNINITIALIZED_AUTOS = YES_AGGRESSIVE;
				GCC_WARN_UNUSED_FUNCTION = YES;
				GCC_WARN_UNUSED_VARIABLE = YES;
				IPHONEOS_DEPLOYMENT_TARGET = 9.0;
				MTL_ENABLE_DEBUG_INFO = YES;
				ONLY_ACTIVE_ARCH = YES;
				SDKROOT = iphoneos;
			};
			name = Debug;
		};
		759A9A241ECA910700D8240A /* Release */ = {
			isa = XCBuildConfiguration;
			buildSettings = {
				ALWAYS_SEARCH_USER_PATHS = NO;
				CLANG_ANALYZER_NONNULL = YES;
				CLANG_CXX_LANGUAGE_STANDARD = "gnu++0x";
				CLANG_CXX_LIBRARY = "libc++";
				CLANG_ENABLE_MODULES = YES;
				CLANG_ENABLE_OBJC_ARC = YES;
				CLANG_WARN_BOOL_CONVERSION = YES;
				CLANG_WARN_CONSTANT_CONVERSION = YES;
				CLANG_WARN_DIRECT_OBJC_ISA_USAGE = YES_ERROR;
				CLANG_WARN_DOCUMENTATION_COMMENTS = YES;
				CLANG_WARN_EMPTY_BODY = YES;
				CLANG_WARN_ENUM_CONVERSION = YES;
				CLANG_WARN_INFINITE_RECURSION = YES;
				CLANG_WARN_INT_CONVERSION = YES;
				CLANG_WARN_OBJC_ROOT_CLASS = YES_ERROR;
				CLANG_WARN_SUSPICIOUS_MOVE = YES;
				CLANG_WARN_UNREACHABLE_CODE = YES;
				CLANG_WARN__DUPLICATE_METHOD_MATCH = YES;
				"CODE_SIGN_IDENTITY[sdk=iphoneos*]" = "iPhone Developer";
				COPY_PHASE_STRIP = NO;
				DEBUG_INFORMATION_FORMAT = "dwarf-with-dsym";
				ENABLE_NS_ASSERTIONS = NO;
				ENABLE_STRICT_OBJC_MSGSEND = YES;
				GCC_C_LANGUAGE_STANDARD = gnu99;
				GCC_NO_COMMON_BLOCKS = YES;
				GCC_WARN_64_TO_32_BIT_CONVERSION = YES;
				GCC_WARN_ABOUT_RETURN_TYPE = YES_ERROR;
				GCC_WARN_UNDECLARED_SELECTOR = YES;
				GCC_WARN_UNINITIALIZED_AUTOS = YES_AGGRESSIVE;
				GCC_WARN_UNUSED_FUNCTION = YES;
				GCC_WARN_UNUSED_VARIABLE = YES;
				IPHONEOS_DEPLOYMENT_TARGET = 9.0;
				MTL_ENABLE_DEBUG_INFO = NO;
				SDKROOT = iphoneos;
				VALIDATE_PRODUCT = YES;
			};
			name = Release;
		};
		759A9A261ECA910700D8240A /* Debug */ = {
			isa = XCBuildConfiguration;
			buildSettings = {
				ASSETCATALOG_COMPILER_APPICON_NAME = AppIcon;
				"CODE_SIGN_IDENTITY[sdk=iphoneos*]" = "iPhone Developer";
				DEVELOPMENT_TEAM = 32UHZELM74;
				INFOPLIST_FILE = Blue_teeth/Info.plist;
				LD_RUNPATH_SEARCH_PATHS = "$(inherited) @executable_path/Frameworks";
				PRODUCT_BUNDLE_IDENTIFIER = "com.monster.Blue-teeth";
				PRODUCT_NAME = "$(TARGET_NAME)";
			};
			name = Debug;
		};
		759A9A271ECA910700D8240A /* Release */ = {
			isa = XCBuildConfiguration;
			buildSettings = {
				ASSETCATALOG_COMPILER_APPICON_NAME = AppIcon;
				"CODE_SIGN_IDENTITY[sdk=iphoneos*]" = "iPhone Developer";
				DEVELOPMENT_TEAM = 32UHZELM74;
				INFOPLIST_FILE = Blue_teeth/Info.plist;
				LD_RUNPATH_SEARCH_PATHS = "$(inherited) @executable_path/Frameworks";
				PRODUCT_BUNDLE_IDENTIFIER = "com.monster.Blue-teeth";
				PRODUCT_NAME = "$(TARGET_NAME)";
			};
			name = Release;
		};
/* End XCBuildConfiguration section */

/* Begin XCConfigurationList section */
		759A9A091ECA910700D8240A /* Build configuration list for PBXProject "Blue_teeth" */ = {
			isa = XCConfigurationList;
			buildConfigurations = (
				759A9A231ECA910700D8240A /* Debug */,
				759A9A241ECA910700D8240A /* Release */,
			);
			defaultConfigurationIsVisible = 0;
			defaultConfigurationName = Release;
		};
		759A9A251ECA910700D8240A /* Build configuration list for PBXNativeTarget "Blue_teeth" */ = {
			isa = XCConfigurationList;
			buildConfigurations = (
				759A9A261ECA910700D8240A /* Debug */,
				759A9A271ECA910700D8240A /* Release */,
			);
			defaultConfigurationIsVisible = 0;
			defaultConfigurationName = Release;
		};
/* End XCConfigurationList section */
	};
	rootObject = 759A9A061ECA910700D8240A /* Project object */;
}
